{
  "name": "renovate-reproduction",
  "version": "1.0.0",
  "lockfileVersion": 2,
  "requires": true,
  "packages": {
    "": {
      "name": "renovate-reproduction",
      "version": "1.0.0",
      "license": "ISC",
      "dependencies": {
        "@apollo/core-schema": "^0.2.3",
        "@wbe/compose": "^0.7.0"
      }
    },
    "node_modules/@apollo/core-schema": {
      "version": "0.2.3",
      "resolved": "https://registry.npmjs.org/@apollo/core-schema/-/core-schema-0.2.3.tgz",
      "integrity": "sha512-0MXK/rlo2Es6qp4nb5lkMcN8jz3AaXm7TiPENO9Cyyy8kIC6rTKKpHCd1yv/E5aDEIFFq44LJcL+WrLONSy7+g==",
      "engines": {
        "node": ">=12.13.0 <18.0"
      },
      "peerDependencies": {
        "graphql": "^15.7.2 || ^16.0.0"
      }
    },
    "node_modules/@wbe/compose": {
      "version": "0.7.1",
      "resolved": "https://registry.npmjs.org/@wbe/compose/-/compose-0.7.1.tgz",
      "integrity": "sha512-gCnqyae5iYIf93xLQN9nOd6dlnsvHJcoUmEYBv/6Z9rsbixLxTzWmnyFGGbz+rGR2C7r10QL9Gn6QdqHODtMBA==",
      "dependencies": {
        "@wbe/debug": "^1.0.0"
      }
    },
    "node_modules/@wbe/debug": {
      "version": "1.0.0",
      "resolved": "https://registry.npmjs.org/@wbe/debug/-/debug-1.0.0.tgz",
      "integrity": "sha512-aoNkoDuP9KZHpN11ByS57I0ikc9jZV+bUvOZ2hyx2vRJyX+bWhFruCazRYgx9XBR9yAraqyt20SljFOvC4arsQ=="
    },
    "node_modules/graphql": {
      "version": "16.3.0",
      "resolved": "https://registry.npmjs.org/graphql/-/graphql-16.3.0.tgz",
      "integrity": "sha512-xm+ANmA16BzCT5pLjuXySbQVFwH3oJctUVdy81w1sV0vBU0KgDdBGtxQOUd5zqOBk/JayAFeG8Dlmeq74rjm/A==",
      "peer": true,
      "engines": {
        "node": "^12.22.0 || ^14.16.0 || >=16.0.0"
      }
    }
  },
  "dependencies": {
    "@apollo/core-schema": {
      "version": "0.2.3",
      "resolved": "https://registry.npmjs.org/@apollo/core-schema/-/core-schema-0.2.3.tgz",
      "integrity": "sha512-0MXK/rlo2Es6qp4nb5lkMcN8jz3AaXm7TiPENO9Cyyy8kIC6rTKKpHCd1yv/E5aDEIFFq44LJcL+WrLONSy7+g==",
      "requires": {}
    },
    "@wbe/compose": {
      "version": "0.7.1",
      "resolved": "https://registry.npmjs.org/@wbe/compose/-/compose-0.7.1.tgz",
      "integrity": "sha512-gCnqyae5iYIf93xLQN9nOd6dlnsvHJcoUmEYBv/6Z9rsbixLxTzWmnyFGGbz+rGR2C7r10QL9Gn6QdqHODtMBA==",
      "requires": {
        "@wbe/debug": "^1.0.0"
      }
    },
    "@wbe/debug": {
      "version": "1.0.0",
      "resolved": "https://registry.npmjs.org/@wbe/debug/-/debug-1.0.0.tgz",
      "integrity": "sha512-aoNkoDuP9KZHpN11ByS57I0ikc9jZV+bUvOZ2hyx2vRJyX+bWhFruCazRYgx9XBR9yAraqyt20SljFOvC4arsQ=="
    },
    "graphql": {
      "version": "16.3.0",
      "resolved": "https://registry.npmjs.org/graphql/-/graphql-16.3.0.tgz",
      "integrity": "sha512-xm+ANmA16BzCT5pLjuXySbQVFwH3oJctUVdy81w1sV0vBU0KgDdBGtxQOUd5zqOBk/JayAFeG8Dlmeq74rjm/A==",
      "peer": true
    }
  }
}
